
Microsoft Visual Studio Solution File, Format Version 12.00
# Visual Studio Version 17
VisualStudioVersion = 17.9.34701.34
MinimumVisualStudioVersion = 10.0.40219.1
Project("{FAE04EC0-301F-11D3-BF4B-00C04F79EFBC}") = "UserGenderValidation", "UserGenderValidation\UserGenderValidation.csproj", "{7E1B36FE-B5F3-469C-8E88-B685C0D63C88}"
EndProject
Project("{FAE04EC0-301F-11D3-BF4B-00C04F79EFBC}") = "1", "1\1.csproj", "{5E654953-3B01-435B-B65E-2659425A5CAF}"
EndProject
Project("{FAE04EC0-301F-11D3-BF4B-00C04F79EFBC}") = "age", "age\age.csproj", "{617C1A02-8636-4889-9335-98CFE0A23759}"
EndProject
Global
	GlobalSection(SolutionConfigurationPlatforms) = preSolution
		Debug|Any CPU = Debug|Any CPU
		Release|Any CPU = Release|Any CPU
	EndGlobalSection
	GlobalSection(ProjectConfigurationPlatforms) = postSolution
		{7E1B36FE-B5F3-469C-8E88-B685C0D63C88}.Debug|Any CPU.ActiveCfg = Debug|Any CPU
		{7E1B36FE-B5F3-469C-8E88-B685C0D63C88}.Debug|Any CPU.Build.0 = Debug|Any CPU
		{7E1B36FE-B5F3-469C-8E88-B685C0D63C88}.Release|Any CPU.ActiveCfg = Release|Any CPU
		{7E1B36FE-B5F3-469C-8E88-B685C0D63C88}.Release|Any CPU.Build.0 = Release|Any CPU
		{5E654953-3B01-435B-B65E-2659425A5CAF}.Debug|Any CPU.ActiveCfg = Debug|Any CPU
		{5E654953-3B01-435B-B65E-2659425A5CAF}.Debug|Any CPU.Build.0 = Debug|Any CPU
		{5E654953-3B01-435B-B65E-2659425A5CAF}.Release|Any CPU.ActiveCfg = Release|Any CPU
		{5E654953-3B01-435B-B65E-2659425A5CAF}.Release|Any CPU.Build.0 = Release|Any CPU
		{617C1A02-8636-4889-9335-98CFE0A23759}.Debug|Any CPU.ActiveCfg = Debug|Any CPU
		{617C1A02-8636-4889-9335-98CFE0A23759}.Debug|Any CPU.Build.0 = Debug|Any CPU
		{617C1A02-8636-4889-9335-98CFE0A23759}.Release|Any CPU.ActiveCfg = Release|Any CPU
		{617C1A02-8636-4889-9335-98CFE0A23759}.Release|Any CPU.Build.0 = Release|Any CPU
	EndGlobalSection
	GlobalSection(SolutionProperties) = preSolution
		HideSolutionNode = FALSE
	EndGlobalSection
	GlobalSection(ExtensibilityGlobals) = postSolution
		SolutionGuid = {7E3ADE3E-4414-4EE4-8C18-36C9068BB5FB}
	EndGlobalSection
EndGlobal
